# Auto-generated by update-plugin-hashes.sh — do not edit manually
# Format: crate_name = sha256_of_src_tree

travsr-plugin-host = c8262f1263b02c4e242522c40ea68e55f21741a911431f56f673c510d209e88b
travsr-plugin-protocol = 04e0a74790c138e36642a01155a795ae894962cb5757de8c3a64d8a66794472e
travsr-plugin-sdk = 16c6919ba1646604a377ae148a65d07ca50e05e1f348f29ee075208d67570da0
